
Microsoft Visual Studio Solution File, Format Version 12.00
# Visual Studio Version 17
VisualStudioVersion = 17.0.31903.59
MinimumVisualStudioVersion = 10.0.40219.1
Project("{2150E333-8FDC-42A3-9474-1A3956D46DE8}") = "src", "src", "{BD356260-44D4-4405-9EEE-CF200C17D906}"
EndProject
Project("{FAE04EC0-301F-11D3-BF4B-00C04F79EFBC}") = "KnupService", "src\KnupService\KnupService.csproj", "{2476A7AA-1CA1-4D43-B68B-7804574D92C9}"
EndProject
Project("{FAE04EC0-301F-11D3-BF4B-00C04F79EFBC}") = "EmuladorKnup360", "src\KnupControlPanel\EmuladorKnup360.csproj", "{524D2AE5-4E21-4FFC-8840-E191CF0BE549}"
EndProject
Project("{2150E333-8FDC-42A3-9474-1A3956D46DE8}") = "tools", "tools", "{2113FC65-A745-4579-9A8A-09E684977ED3}"
EndProject
Project("{FAE04EC0-301F-11D3-BF4B-00C04F79EFBC}") = "Diagnostico", "tools\Diagnostico\Diagnostico.csproj", "{18AD15D4-7029-4FB4-A8F9-54493BC3EB82}"
EndProject
Global
	GlobalSection(SolutionConfigurationPlatforms) = preSolution
		Debug|Any CPU = Debug|Any CPU
		Release|Any CPU = Release|Any CPU
	EndGlobalSection
	GlobalSection(SolutionProperties) = preSolution
		HideSolutionNode = FALSE
	EndGlobalSection
	GlobalSection(ProjectConfigurationPlatforms) = postSolution
		{2476A7AA-1CA1-4D43-B68B-7804574D92C9}.Debug|Any CPU.ActiveCfg = Debug|Any CPU
		{2476A7AA-1CA1-4D43-B68B-7804574D92C9}.Debug|Any CPU.Build.0 = Debug|Any CPU
		{2476A7AA-1CA1-4D43-B68B-7804574D92C9}.Release|Any CPU.ActiveCfg = Release|Any CPU
		{2476A7AA-1CA1-4D43-B68B-7804574D92C9}.Release|Any CPU.Build.0 = Release|Any CPU
		{524D2AE5-4E21-4FFC-8840-E191CF0BE549}.Debug|Any CPU.ActiveCfg = Debug|Any CPU
		{524D2AE5-4E21-4FFC-8840-E191CF0BE549}.Debug|Any CPU.Build.0 = Debug|Any CPU
		{524D2AE5-4E21-4FFC-8840-E191CF0BE549}.Release|Any CPU.ActiveCfg = Release|Any CPU
		{524D2AE5-4E21-4FFC-8840-E191CF0BE549}.Release|Any CPU.Build.0 = Release|Any CPU
		{18AD15D4-7029-4FB4-A8F9-54493BC3EB82}.Debug|Any CPU.ActiveCfg = Debug|Any CPU
		{18AD15D4-7029-4FB4-A8F9-54493BC3EB82}.Debug|Any CPU.Build.0 = Debug|Any CPU
		{18AD15D4-7029-4FB4-A8F9-54493BC3EB82}.Release|Any CPU.ActiveCfg = Release|Any CPU
		{18AD15D4-7029-4FB4-A8F9-54493BC3EB82}.Release|Any CPU.Build.0 = Release|Any CPU
	EndGlobalSection
	GlobalSection(NestedProjects) = preSolution
		{2476A7AA-1CA1-4D43-B68B-7804574D92C9} = {BD356260-44D4-4405-9EEE-CF200C17D906}
		{524D2AE5-4E21-4FFC-8840-E191CF0BE549} = {BD356260-44D4-4405-9EEE-CF200C17D906}
		{18AD15D4-7029-4FB4-A8F9-54493BC3EB82} = {2113FC65-A745-4579-9A8A-09E684977ED3}
	EndGlobalSection
EndGlobal
