
Microsoft Visual Studio Solution File, Format Version 12.00
# Visual Studio Version 17
VisualStudioVersion = 17.0.31903.59
MinimumVisualStudioVersion = 10.0.40219.1
Project("{2150E333-8FDC-42A3-9474-1A3956D46DE8}") = "src", "src", "{D9A1A97C-615A-4413-BCB0-D596AD3C7A7D}"
EndProject
Project("{FAE04EC0-301F-11D3-BF4B-00C04F79EFBC}") = "KnupService", "src\KnupService\KnupService.csproj", "{F4493EC1-075C-47D2-9C1A-99709BBC343F}"
EndProject
Project("{FAE04EC0-301F-11D3-BF4B-00C04F79EFBC}") = "KnupControlPanel", "src\KnupControlPanel\KnupControlPanel.csproj", "{49BF6610-520E-450D-A6C7-424C554DA322}"
EndProject
Project("{2150E333-8FDC-42A3-9474-1A3956D46DE8}") = "tools", "tools", "{B89E3302-DBCF-46C1-8CBF-1FEAE6B1D826}"
EndProject
Project("{FAE04EC0-301F-11D3-BF4B-00C04F79EFBC}") = "Diagnostico", "tools\Diagnostico\Diagnostico.csproj", "{EF7B1B6D-B21A-4821-96CE-C3555A07D44F}"
EndProject
Global
	GlobalSection(SolutionConfigurationPlatforms) = preSolution
		Debug|Any CPU = Debug|Any CPU
		Release|Any CPU = Release|Any CPU
	EndGlobalSection
	GlobalSection(SolutionProperties) = preSolution
		HideSolutionNode = FALSE
	EndGlobalSection
	GlobalSection(ProjectConfigurationPlatforms) = postSolution
		{F4493EC1-075C-47D2-9C1A-99709BBC343F}.Debug|Any CPU.ActiveCfg = Debug|Any CPU
		{F4493EC1-075C-47D2-9C1A-99709BBC343F}.Debug|Any CPU.Build.0 = Debug|Any CPU
		{F4493EC1-075C-47D2-9C1A-99709BBC343F}.Release|Any CPU.ActiveCfg = Release|Any CPU
		{F4493EC1-075C-47D2-9C1A-99709BBC343F}.Release|Any CPU.Build.0 = Release|Any CPU
		{49BF6610-520E-450D-A6C7-424C554DA322}.Debug|Any CPU.ActiveCfg = Debug|Any CPU
		{49BF6610-520E-450D-A6C7-424C554DA322}.Debug|Any CPU.Build.0 = Debug|Any CPU
		{49BF6610-520E-450D-A6C7-424C554DA322}.Release|Any CPU.ActiveCfg = Release|Any CPU
		{49BF6610-520E-450D-A6C7-424C554DA322}.Release|Any CPU.Build.0 = Release|Any CPU
		{EF7B1B6D-B21A-4821-96CE-C3555A07D44F}.Debug|Any CPU.ActiveCfg = Debug|Any CPU
		{EF7B1B6D-B21A-4821-96CE-C3555A07D44F}.Debug|Any CPU.Build.0 = Debug|Any CPU
		{EF7B1B6D-B21A-4821-96CE-C3555A07D44F}.Release|Any CPU.ActiveCfg = Release|Any CPU
		{EF7B1B6D-B21A-4821-96CE-C3555A07D44F}.Release|Any CPU.Build.0 = Release|Any CPU
	EndGlobalSection
	GlobalSection(NestedProjects) = preSolution
		{F4493EC1-075C-47D2-9C1A-99709BBC343F} = {D9A1A97C-615A-4413-BCB0-D596AD3C7A7D}
		{49BF6610-520E-450D-A6C7-424C554DA322} = {D9A1A97C-615A-4413-BCB0-D596AD3C7A7D}
		{EF7B1B6D-B21A-4821-96CE-C3555A07D44F} = {B89E3302-DBCF-46C1-8CBF-1FEAE6B1D826}
	EndGlobalSection
EndGlobal
